
Microsoft Visual Studio Solution File, Format Version 12.00
# Visual Studio Version 17
VisualStudioVersion = 17.6.33712.159
MinimumVisualStudioVersion = 10.0.40219.1
Project("{9A19103F-16F7-4668-BE54-9A1E7A4F7556}") = "OcelotGateway", "OcelotGateway\OcelotGateway.csproj", "{119554B5-41C0-4E97-9C0E-850CEAFF7648}"
EndProject
Project("{9A19103F-16F7-4668-BE54-9A1E7A4F7556}") = "CustomerService", "CustomerService\CustomerService.csproj", "{70B787E3-51FC-477E-8E86-2ADB2E2B6054}"
EndProject
Project("{9A19103F-16F7-4668-BE54-9A1E7A4F7556}") = "ProductService", "ProductService\ProductService.csproj", "{AC9DC8B4-A963-4448-A435-D5C72668698D}"
EndProject
Project("{9A19103F-16F7-4668-BE54-9A1E7A4F7556}") = "SalesTransactionService", "SalesTransactionService\SalesTransactionService.csproj", "{DE5FF68C-5D66-4DFA-8CE5-F9F3BC0F2F5E}"
EndProject
Project("{FAE04EC0-301F-11D3-BF4B-00C04F79EFBC}") = "ProductTest", "ProductTest\ProductTest.csproj", "{D9C4D24C-92D2-42E0-A6FB-8179D7A45CAA}"
EndProject
Global
	GlobalSection(SolutionConfigurationPlatforms) = preSolution
		Debug|Any CPU = Debug|Any CPU
		Release|Any CPU = Release|Any CPU
	EndGlobalSection
	GlobalSection(ProjectConfigurationPlatforms) = postSolution
		{119554B5-41C0-4E97-9C0E-850CEAFF7648}.Debug|Any CPU.ActiveCfg = Debug|Any CPU
		{119554B5-41C0-4E97-9C0E-850CEAFF7648}.Debug|Any CPU.Build.0 = Debug|Any CPU
		{119554B5-41C0-4E97-9C0E-850CEAFF7648}.Release|Any CPU.ActiveCfg = Release|Any CPU
		{119554B5-41C0-4E97-9C0E-850CEAFF7648}.Release|Any CPU.Build.0 = Release|Any CPU
		{70B787E3-51FC-477E-8E86-2ADB2E2B6054}.Debug|Any CPU.ActiveCfg = Debug|Any CPU
		{70B787E3-51FC-477E-8E86-2ADB2E2B6054}.Debug|Any CPU.Build.0 = Debug|Any CPU
		{70B787E3-51FC-477E-8E86-2ADB2E2B6054}.Release|Any CPU.ActiveCfg = Release|Any CPU
		{70B787E3-51FC-477E-8E86-2ADB2E2B6054}.Release|Any CPU.Build.0 = Release|Any CPU
		{AC9DC8B4-A963-4448-A435-D5C72668698D}.Debug|Any CPU.ActiveCfg = Debug|Any CPU
		{AC9DC8B4-A963-4448-A435-D5C72668698D}.Debug|Any CPU.Build.0 = Debug|Any CPU
		{AC9DC8B4-A963-4448-A435-D5C72668698D}.Release|Any CPU.ActiveCfg = Release|Any CPU
		{AC9DC8B4-A963-4448-A435-D5C72668698D}.Release|Any CPU.Build.0 = Release|Any CPU
		{DE5FF68C-5D66-4DFA-8CE5-F9F3BC0F2F5E}.Debug|Any CPU.ActiveCfg = Debug|Any CPU
		{DE5FF68C-5D66-4DFA-8CE5-F9F3BC0F2F5E}.Debug|Any CPU.Build.0 = Debug|Any CPU
		{DE5FF68C-5D66-4DFA-8CE5-F9F3BC0F2F5E}.Release|Any CPU.ActiveCfg = Release|Any CPU
		{DE5FF68C-5D66-4DFA-8CE5-F9F3BC0F2F5E}.Release|Any CPU.Build.0 = Release|Any CPU
		{D9C4D24C-92D2-42E0-A6FB-8179D7A45CAA}.Debug|Any CPU.ActiveCfg = Debug|Any CPU
		{D9C4D24C-92D2-42E0-A6FB-8179D7A45CAA}.Debug|Any CPU.Build.0 = Debug|Any CPU
		{D9C4D24C-92D2-42E0-A6FB-8179D7A45CAA}.Release|Any CPU.ActiveCfg = Release|Any CPU
		{D9C4D24C-92D2-42E0-A6FB-8179D7A45CAA}.Release|Any CPU.Build.0 = Release|Any CPU
	EndGlobalSection
	GlobalSection(SolutionProperties) = preSolution
		HideSolutionNode = FALSE
	EndGlobalSection
	GlobalSection(ExtensibilityGlobals) = postSolution
		SolutionGuid = {B95BCAF9-B3CE-427C-AAAB-0E39C6395F58}
	EndGlobalSection
EndGlobal
